
Microsoft Visual Studio Solution File, Format Version 12.00
# Visual Studio Version 16
VisualStudioVersion = 16.0.30717.126
MinimumVisualStudioVersion = 10.0.40219.1
Project("{FAE04EC0-301F-11D3-BF4B-00C04F79EFBC}") = "GraphConnectionTest", "GraphConnectionTest\GraphConnectionTest.csproj", "{62B0C36A-5B8B-4761-9B3D-1066783B3F39}"
EndProject
Project("{FAE04EC0-301F-11D3-BF4B-00C04F79EFBC}") = "AuthProvider", "AuthProvider\AuthProvider.csproj", "{CE4AA610-CEB6-4270-BC68-A149E057A0FE}"
EndProject
Global
	GlobalSection(SolutionConfigurationPlatforms) = preSolution
		Debug|Any CPU = Debug|Any CPU
		Release|Any CPU = Release|Any CPU
	EndGlobalSection
	GlobalSection(ProjectConfigurationPlatforms) = postSolution
		{62B0C36A-5B8B-4761-9B3D-1066783B3F39}.Debug|Any CPU.ActiveCfg = Debug|Any CPU
		{62B0C36A-5B8B-4761-9B3D-1066783B3F39}.Debug|Any CPU.Build.0 = Debug|Any CPU
		{62B0C36A-5B8B-4761-9B3D-1066783B3F39}.Release|Any CPU.ActiveCfg = Release|Any CPU
		{62B0C36A-5B8B-4761-9B3D-1066783B3F39}.Release|Any CPU.Build.0 = Release|Any CPU
		{CE4AA610-CEB6-4270-BC68-A149E057A0FE}.Debug|Any CPU.ActiveCfg = Debug|Any CPU
		{CE4AA610-CEB6-4270-BC68-A149E057A0FE}.Debug|Any CPU.Build.0 = Debug|Any CPU
		{CE4AA610-CEB6-4270-BC68-A149E057A0FE}.Release|Any CPU.ActiveCfg = Release|Any CPU
		{CE4AA610-CEB6-4270-BC68-A149E057A0FE}.Release|Any CPU.Build.0 = Release|Any CPU
	EndGlobalSection
	GlobalSection(SolutionProperties) = preSolution
		HideSolutionNode = FALSE
	EndGlobalSection
	GlobalSection(ExtensibilityGlobals) = postSolution
		SolutionGuid = {9C6FFECA-6A6E-488E-8A5E-49B125850036}
	EndGlobalSection
EndGlobal
